
Microsoft Visual Studio Solution File, Format Version 12.00
# Visual Studio Version 16
VisualStudioVersion = 16.0.28606.126
MinimumVisualStudioVersion = 10.0.40219.1
Project("{9A19103F-16F7-4668-BE54-9A1E7A4F7556}") = "Eligibility", "src\WC.Services.Eligibility\Eligibility.csproj", "{AB7137C8-78A0-4C5C-9598-C3B34EAA85EB}"
EndProject
Project("{2150E333-8FDC-42A3-9474-1A3956D46DE8}") = "Solution Items", "Solution Items", "{6D3A336C-1803-4B99-80AF-557B896E1719}"
	ProjectSection(SolutionItems) = preProject
		deploy\variables.xml = deploy\variables.xml
	EndProjectSection
EndProject
Project("{9A19103F-16F7-4668-BE54-9A1E7A4F7556}") = "Eligibility.Tests", "test\WC.Services.Eligibility.Tests\Eligibility.Tests.csproj", "{25C671FD-C543-433C-A2E1-6A7925781D6D}"
EndProject
Global
	GlobalSection(SolutionConfigurationPlatforms) = preSolution
		Debug|Any CPU = Debug|Any CPU
		Release|Any CPU = Release|Any CPU
	EndGlobalSection
	GlobalSection(ProjectConfigurationPlatforms) = postSolution
		{AB7137C8-78A0-4C5C-9598-C3B34EAA85EB}.Debug|Any CPU.ActiveCfg = Debug|Any CPU
		{AB7137C8-78A0-4C5C-9598-C3B34EAA85EB}.Debug|Any CPU.Build.0 = Debug|Any CPU
		{AB7137C8-78A0-4C5C-9598-C3B34EAA85EB}.Release|Any CPU.ActiveCfg = Release|Any CPU
		{AB7137C8-78A0-4C5C-9598-C3B34EAA85EB}.Release|Any CPU.Build.0 = Release|Any CPU
		{25C671FD-C543-433C-A2E1-6A7925781D6D}.Debug|Any CPU.ActiveCfg = Debug|Any CPU
		{25C671FD-C543-433C-A2E1-6A7925781D6D}.Debug|Any CPU.Build.0 = Debug|Any CPU
		{25C671FD-C543-433C-A2E1-6A7925781D6D}.Release|Any CPU.ActiveCfg = Release|Any CPU
		{25C671FD-C543-433C-A2E1-6A7925781D6D}.Release|Any CPU.Build.0 = Release|Any CPU
	EndGlobalSection
	GlobalSection(SolutionProperties) = preSolution
		HideSolutionNode = FALSE
	EndGlobalSection
	GlobalSection(ExtensibilityGlobals) = postSolution
		SolutionGuid = {C913E230-D1B9-420A-ACEA-44416EE53FFF}
	EndGlobalSection
EndGlobal
