
Microsoft Visual Studio Solution File, Format Version 12.00
# Visual Studio Version 17
VisualStudioVersion = 17.9.34728.123
MinimumVisualStudioVersion = 10.0.40219.1
Project("{9A19103F-16F7-4668-BE54-9A1E7A4F7556}") = "WC.Services.Hplc.Dotnet8", "SRC\WC.Services.Hplc.Dotnet8\WC.Services.Hplc.Dotnet8.csproj", "{D49BA5B4-2B88-494C-9376-ECF24DAFA766}"
EndProject
Project("{9A19103F-16F7-4668-BE54-9A1E7A4F7556}") = "WC.Services.Hplc.Dotnet8.Tests", "test\WC.Services.Hplc.Dotnet8.Tests\WC.Services.Hplc.Dotnet8.Tests.csproj", "{98D39A97-478A-4B6F-913C-F3B56D83B6D9}"
EndProject
Project("{FAE04EC0-301F-11D3-BF4B-00C04F79EFBC}") = "WC.Services.Hplc.Tests", "..\HPLC\test\WC.Services.Hplc.Tests.csproj", "{41DAAEC7-D346-49B5-88BE-ED93849F76F5}"
EndProject
Project("{9A19103F-16F7-4668-BE54-9A1E7A4F7556}") = "Entities", "..\WorkflowAndCollab.Entities\src\WC.Entities\Entities.csproj", "{BC40E2BD-D5AE-4124-8680-FC80846D10A1}"
EndProject
Project("{FAE04EC0-301F-11D3-BF4B-00C04F79EFBC}") = "WC.Services.Hplc", "..\HPLC\SRC\WC.Services.Hplc.csproj", "{2456D015-1A7A-4882-95D0-7F0994D3BA19}"
EndProject
Global
	GlobalSection(SolutionConfigurationPlatforms) = preSolution
		Debug|Any CPU = Debug|Any CPU
		Release|Any CPU = Release|Any CPU
	EndGlobalSection
	GlobalSection(ProjectConfigurationPlatforms) = postSolution
		{D49BA5B4-2B88-494C-9376-ECF24DAFA766}.Debug|Any CPU.ActiveCfg = Debug|Any CPU
		{D49BA5B4-2B88-494C-9376-ECF24DAFA766}.Debug|Any CPU.Build.0 = Debug|Any CPU
		{D49BA5B4-2B88-494C-9376-ECF24DAFA766}.Release|Any CPU.ActiveCfg = Release|Any CPU
		{D49BA5B4-2B88-494C-9376-ECF24DAFA766}.Release|Any CPU.Build.0 = Release|Any CPU
		{98D39A97-478A-4B6F-913C-F3B56D83B6D9}.Debug|Any CPU.ActiveCfg = Debug|Any CPU
		{98D39A97-478A-4B6F-913C-F3B56D83B6D9}.Debug|Any CPU.Build.0 = Debug|Any CPU
		{98D39A97-478A-4B6F-913C-F3B56D83B6D9}.Release|Any CPU.ActiveCfg = Release|Any CPU
		{98D39A97-478A-4B6F-913C-F3B56D83B6D9}.Release|Any CPU.Build.0 = Release|Any CPU
		{41DAAEC7-D346-49B5-88BE-ED93849F76F5}.Debug|Any CPU.ActiveCfg = Debug|Any CPU
		{41DAAEC7-D346-49B5-88BE-ED93849F76F5}.Debug|Any CPU.Build.0 = Debug|Any CPU
		{41DAAEC7-D346-49B5-88BE-ED93849F76F5}.Release|Any CPU.ActiveCfg = Release|Any CPU
		{41DAAEC7-D346-49B5-88BE-ED93849F76F5}.Release|Any CPU.Build.0 = Release|Any CPU
		{BC40E2BD-D5AE-4124-8680-FC80846D10A1}.Debug|Any CPU.ActiveCfg = Debug|Any CPU
		{BC40E2BD-D5AE-4124-8680-FC80846D10A1}.Debug|Any CPU.Build.0 = Debug|Any CPU
		{BC40E2BD-D5AE-4124-8680-FC80846D10A1}.Release|Any CPU.ActiveCfg = Release|Any CPU
		{BC40E2BD-D5AE-4124-8680-FC80846D10A1}.Release|Any CPU.Build.0 = Release|Any CPU
		{2456D015-1A7A-4882-95D0-7F0994D3BA19}.Debug|Any CPU.ActiveCfg = Debug|Any CPU
		{2456D015-1A7A-4882-95D0-7F0994D3BA19}.Debug|Any CPU.Build.0 = Debug|Any CPU
		{2456D015-1A7A-4882-95D0-7F0994D3BA19}.Release|Any CPU.ActiveCfg = Release|Any CPU
		{2456D015-1A7A-4882-95D0-7F0994D3BA19}.Release|Any CPU.Build.0 = Release|Any CPU
	EndGlobalSection
	GlobalSection(SolutionProperties) = preSolution
		HideSolutionNode = FALSE
	EndGlobalSection
	GlobalSection(ExtensibilityGlobals) = postSolution
		SolutionGuid = {E2AA8872-76F2-43F9-B526-9AB6EA61E122}
	EndGlobalSection
EndGlobal
