
Microsoft Visual Studio Solution File, Format Version 12.00
# Visual Studio Version 17
VisualStudioVersion = 17.9.34728.123
MinimumVisualStudioVersion = 10.0.40219.1
Project("{9A19103F-16F7-4668-BE54-9A1E7A4F7556}") = "WC.Services.ImportProcessor.Dotnet8", "src\ImportProcessor.Dotnet8\WC.Services.ImportProcessor.Dotnet8.csproj", "{CA1DFAAC-DC7E-447E-A0AF-022793348B24}"
EndProject
Project("{FAE04EC0-301F-11D3-BF4B-00C04F79EFBC}") = "ImportProcessor", "..\ImportProcessor\src\WC.Services.ImportProcessor\ImportProcessor.csproj", "{5A312708-26AC-43C4-9E01-2AFDE759598D}"
EndProject
Project("{9A19103F-16F7-4668-BE54-9A1E7A4F7556}") = "Entities", "..\WorkflowAndCollab.Entities\src\WC.Entities\Entities.csproj", "{AAE0B1A3-9529-49DF-8E3C-59D496A100F6}"
EndProject
Global
	GlobalSection(SolutionConfigurationPlatforms) = preSolution
		Debug|Any CPU = Debug|Any CPU
		Release|Any CPU = Release|Any CPU
	EndGlobalSection
	GlobalSection(ProjectConfigurationPlatforms) = postSolution
		{CA1DFAAC-DC7E-447E-A0AF-022793348B24}.Debug|Any CPU.ActiveCfg = Debug|Any CPU
		{CA1DFAAC-DC7E-447E-A0AF-022793348B24}.Debug|Any CPU.Build.0 = Debug|Any CPU
		{CA1DFAAC-DC7E-447E-A0AF-022793348B24}.Release|Any CPU.ActiveCfg = Release|Any CPU
		{CA1DFAAC-DC7E-447E-A0AF-022793348B24}.Release|Any CPU.Build.0 = Release|Any CPU
		{5A312708-26AC-43C4-9E01-2AFDE759598D}.Debug|Any CPU.ActiveCfg = Debug|Any CPU
		{5A312708-26AC-43C4-9E01-2AFDE759598D}.Debug|Any CPU.Build.0 = Debug|Any CPU
		{5A312708-26AC-43C4-9E01-2AFDE759598D}.Release|Any CPU.ActiveCfg = Release|Any CPU
		{5A312708-26AC-43C4-9E01-2AFDE759598D}.Release|Any CPU.Build.0 = Release|Any CPU
		{AAE0B1A3-9529-49DF-8E3C-59D496A100F6}.Debug|Any CPU.ActiveCfg = Debug|Any CPU
		{AAE0B1A3-9529-49DF-8E3C-59D496A100F6}.Debug|Any CPU.Build.0 = Debug|Any CPU
		{AAE0B1A3-9529-49DF-8E3C-59D496A100F6}.Release|Any CPU.ActiveCfg = Release|Any CPU
		{AAE0B1A3-9529-49DF-8E3C-59D496A100F6}.Release|Any CPU.Build.0 = Release|Any CPU
	EndGlobalSection
	GlobalSection(SolutionProperties) = preSolution
		HideSolutionNode = FALSE
	EndGlobalSection
	GlobalSection(ExtensibilityGlobals) = postSolution
		SolutionGuid = {9585503C-7BA5-46F8-A117-D44574804C86}
	EndGlobalSection
EndGlobal
