
Microsoft Visual Studio Solution File, Format Version 12.00
# Visual Studio Version 17
VisualStudioVersion = 17.9.34728.123
MinimumVisualStudioVersion = 10.0.40219.1
Project("{9A19103F-16F7-4668-BE54-9A1E7A4F7556}") = "WC.Services.CreateGrievanceAppeals.Dotnet8.Tests", "test\WC.Services.CreateGrievanceAppeals.Dotnet8.Tests\WC.Services.CreateGrievanceAppeals.Dotnet8.Tests.csproj", "{ED171C5B-C50B-48CD-9487-1511FED24F5E}"
EndProject
Project("{9A19103F-16F7-4668-BE54-9A1E7A4F7556}") = "WC.Services.CreateGrievanceAppeals.Dotnet8", "src\WC.Services.CreateGrievanceAppeals.Dotnet8\WC.Services.CreateGrievanceAppeals.Dotnet8.csproj", "{DFCC526C-1018-458F-8EFA-08CED2B4E54C}"
EndProject
Project("{FAE04EC0-301F-11D3-BF4B-00C04F79EFBC}") = "CreateGrievanceAppeals", "..\CreateGrievanceAppeals\src\WC.Services.CreateGrievanceAppeals\CreateGrievanceAppeals.csproj", "{18ABE975-6B3B-437C-8BE1-D703E622A30B}"
EndProject
Project("{FAE04EC0-301F-11D3-BF4B-00C04F79EFBC}") = "CreateGrievanceAppeals.Tests", "..\CreateGrievanceAppeals\Test\WC.Services.CreateGrievanceAppeals.Tests\CreateGrievanceAppeals.Tests.csproj", "{90A4C61D-479A-468D-9C7C-6056B272F89A}"
EndProject
Global
	GlobalSection(SolutionConfigurationPlatforms) = preSolution
		Debug|Any CPU = Debug|Any CPU
		Release|Any CPU = Release|Any CPU
	EndGlobalSection
	GlobalSection(ProjectConfigurationPlatforms) = postSolution
		{ED171C5B-C50B-48CD-9487-1511FED24F5E}.Debug|Any CPU.ActiveCfg = Debug|Any CPU
		{ED171C5B-C50B-48CD-9487-1511FED24F5E}.Debug|Any CPU.Build.0 = Debug|Any CPU
		{ED171C5B-C50B-48CD-9487-1511FED24F5E}.Release|Any CPU.ActiveCfg = Release|Any CPU
		{ED171C5B-C50B-48CD-9487-1511FED24F5E}.Release|Any CPU.Build.0 = Release|Any CPU
		{DFCC526C-1018-458F-8EFA-08CED2B4E54C}.Debug|Any CPU.ActiveCfg = Debug|Any CPU
		{DFCC526C-1018-458F-8EFA-08CED2B4E54C}.Debug|Any CPU.Build.0 = Debug|Any CPU
		{DFCC526C-1018-458F-8EFA-08CED2B4E54C}.Release|Any CPU.ActiveCfg = Release|Any CPU
		{DFCC526C-1018-458F-8EFA-08CED2B4E54C}.Release|Any CPU.Build.0 = Release|Any CPU
		{18ABE975-6B3B-437C-8BE1-D703E622A30B}.Debug|Any CPU.ActiveCfg = Debug|Any CPU
		{18ABE975-6B3B-437C-8BE1-D703E622A30B}.Debug|Any CPU.Build.0 = Debug|Any CPU
		{18ABE975-6B3B-437C-8BE1-D703E622A30B}.Release|Any CPU.ActiveCfg = Release|Any CPU
		{18ABE975-6B3B-437C-8BE1-D703E622A30B}.Release|Any CPU.Build.0 = Release|Any CPU
		{90A4C61D-479A-468D-9C7C-6056B272F89A}.Debug|Any CPU.ActiveCfg = Debug|Any CPU
		{90A4C61D-479A-468D-9C7C-6056B272F89A}.Debug|Any CPU.Build.0 = Debug|Any CPU
		{90A4C61D-479A-468D-9C7C-6056B272F89A}.Release|Any CPU.ActiveCfg = Release|Any CPU
		{90A4C61D-479A-468D-9C7C-6056B272F89A}.Release|Any CPU.Build.0 = Release|Any CPU
	EndGlobalSection
	GlobalSection(SolutionProperties) = preSolution
		HideSolutionNode = FALSE
	EndGlobalSection
	GlobalSection(ExtensibilityGlobals) = postSolution
		SolutionGuid = {4308C519-44BA-4AA7-942C-FB88BFFF488D}
	EndGlobalSection
EndGlobal
